
Microsoft Visual Studio Solution File, Format Version 12.00
# Visual Studio Version 17
VisualStudioVersion = 17.8.34525.116
MinimumVisualStudioVersion = 10.0.40219.1
Project("{FAE04EC0-301F-11D3-BF4B-00C04F79EFBC}") = "CodeFirstApproachOfEntityFrameworkCoreCRUD", "CodeFirstApproachOfEntityFrameworkCoreCRUD\CodeFirstApproachOfEntityFrameworkCoreCRUD.csproj", "{BD6906BB-F497-4EAC-89CC-56D59C38DE56}"
EndProject
Global
	GlobalSection(SolutionConfigurationPlatforms) = preSolution
		Debug|Any CPU = Debug|Any CPU
		Release|Any CPU = Release|Any CPU
	EndGlobalSection
	GlobalSection(ProjectConfigurationPlatforms) = postSolution
		{BD6906BB-F497-4EAC-89CC-56D59C38DE56}.Debug|Any CPU.ActiveCfg = Debug|Any CPU
		{BD6906BB-F497-4EAC-89CC-56D59C38DE56}.Debug|Any CPU.Build.0 = Debug|Any CPU
		{BD6906BB-F497-4EAC-89CC-56D59C38DE56}.Release|Any CPU.ActiveCfg = Release|Any CPU
		{BD6906BB-F497-4EAC-89CC-56D59C38DE56}.Release|Any CPU.Build.0 = Release|Any CPU
	EndGlobalSection
	GlobalSection(SolutionProperties) = preSolution
		HideSolutionNode = FALSE
	EndGlobalSection
	GlobalSection(ExtensibilityGlobals) = postSolution
		SolutionGuid = {37FA188A-8050-48C6-A481-931351B191EE}
	EndGlobalSection
EndGlobal
